
Microsoft Visual Studio Solution File, Format Version 12.00
# Visual Studio Version 16
VisualStudioVersion = 16.0.30225.117
MinimumVisualStudioVersion = 10.0.40219.1
Project("{FAE04EC0-301F-11D3-BF4B-00C04F79EFBC}") = "CodeTest", "CodeTest\CodeTest.csproj", "{C5C29BC2-BE54-4B2A-B3B4-0926A58290F3}"
EndProject
Project("{FAE04EC0-301F-11D3-BF4B-00C04F79EFBC}") = "CodeTest.Tests", "CodeTest.Tests\CodeTest.Tests.csproj", "{0ACFBB84-53C9-4CA9-B74E-BEF6D23EA897}"
EndProject
Global
	GlobalSection(SolutionConfigurationPlatforms) = preSolution
		Debug|Any CPU = Debug|Any CPU
		Release|Any CPU = Release|Any CPU
	EndGlobalSection
	GlobalSection(ProjectConfigurationPlatforms) = postSolution
		{C5C29BC2-BE54-4B2A-B3B4-0926A58290F3}.Debug|Any CPU.ActiveCfg = Debug|Any CPU
		{C5C29BC2-BE54-4B2A-B3B4-0926A58290F3}.Debug|Any CPU.Build.0 = Debug|Any CPU
		{C5C29BC2-BE54-4B2A-B3B4-0926A58290F3}.Release|Any CPU.ActiveCfg = Release|Any CPU
		{C5C29BC2-BE54-4B2A-B3B4-0926A58290F3}.Release|Any CPU.Build.0 = Release|Any CPU
		{0ACFBB84-53C9-4CA9-B74E-BEF6D23EA897}.Debug|Any CPU.ActiveCfg = Debug|Any CPU
		{0ACFBB84-53C9-4CA9-B74E-BEF6D23EA897}.Debug|Any CPU.Build.0 = Debug|Any CPU
		{0ACFBB84-53C9-4CA9-B74E-BEF6D23EA897}.Release|Any CPU.ActiveCfg = Release|Any CPU
		{0ACFBB84-53C9-4CA9-B74E-BEF6D23EA897}.Release|Any CPU.Build.0 = Release|Any CPU
	EndGlobalSection
	GlobalSection(SolutionProperties) = preSolution
		HideSolutionNode = FALSE
	EndGlobalSection
	GlobalSection(ExtensibilityGlobals) = postSolution
		SolutionGuid = {CF111734-0489-4785-ACD9-258FA386AB66}
	EndGlobalSection
EndGlobal
